
Microsoft Visual Studio Solution File, Format Version 12.00
# Visual Studio 15
VisualStudioVersion = 15.0.27004.2009
MinimumVisualStudioVersion = 10.0.40219.1
Project("{FAE04EC0-301F-11D3-BF4B-00C04F79EFBC}") = "TimesTablesHTTP", "TimesTablesHTTP\TimesTablesHTTP.csproj", "{B0633B86-E0E3-4DB8-A0ED-7A86E57A83DC}"
EndProject
Global
	GlobalSection(SolutionConfigurationPlatforms) = preSolution
		Debug|Any CPU = Debug|Any CPU
		Release|Any CPU = Release|Any CPU
	EndGlobalSection
	GlobalSection(ProjectConfigurationPlatforms) = postSolution
		{B0633B86-E0E3-4DB8-A0ED-7A86E57A83DC}.Debug|Any CPU.ActiveCfg = Debug|Any CPU
		{B0633B86-E0E3-4DB8-A0ED-7A86E57A83DC}.Debug|Any CPU.Build.0 = Debug|Any CPU
		{B0633B86-E0E3-4DB8-A0ED-7A86E57A83DC}.Release|Any CPU.ActiveCfg = Release|Any CPU
		{B0633B86-E0E3-4DB8-A0ED-7A86E57A83DC}.Release|Any CPU.Build.0 = Release|Any CPU
	EndGlobalSection
	GlobalSection(SolutionProperties) = preSolution
		HideSolutionNode = FALSE
	EndGlobalSection
	GlobalSection(ExtensibilityGlobals) = postSolution
		SolutionGuid = {C9CB10A5-9135-4B26-8AE4-B834C390AF72}
	EndGlobalSection
EndGlobal
