
Microsoft Visual Studio Solution File, Format Version 12.00
# Visual Studio 15
VisualStudioVersion = 15.0.27004.2008
MinimumVisualStudioVersion = 10.0.40219.1
Project("{FAE04EC0-301F-11D3-BF4B-00C04F79EFBC}") = "multiWindowMaths", "multiWindowMaths\multiWindowMaths.csproj", "{2F56FF76-3AAF-4364-B74A-CFB3C62A5AC1}"
EndProject
Global
	GlobalSection(SolutionConfigurationPlatforms) = preSolution
		Debug|Any CPU = Debug|Any CPU
		Release|Any CPU = Release|Any CPU
	EndGlobalSection
	GlobalSection(ProjectConfigurationPlatforms) = postSolution
		{2F56FF76-3AAF-4364-B74A-CFB3C62A5AC1}.Debug|Any CPU.ActiveCfg = Debug|Any CPU
		{2F56FF76-3AAF-4364-B74A-CFB3C62A5AC1}.Debug|Any CPU.Build.0 = Debug|Any CPU
		{2F56FF76-3AAF-4364-B74A-CFB3C62A5AC1}.Release|Any CPU.ActiveCfg = Release|Any CPU
		{2F56FF76-3AAF-4364-B74A-CFB3C62A5AC1}.Release|Any CPU.Build.0 = Release|Any CPU
	EndGlobalSection
	GlobalSection(SolutionProperties) = preSolution
		HideSolutionNode = FALSE
	EndGlobalSection
	GlobalSection(ExtensibilityGlobals) = postSolution
		SolutionGuid = {B6FBE5EA-D08C-4D64-B776-3DD02A75DD23}
	EndGlobalSection
EndGlobal
