
Microsoft Visual Studio Solution File, Format Version 12.00
# Visual Studio 15
VisualStudioVersion = 15.0.27004.2009
MinimumVisualStudioVersion = 10.0.40219.1
Project("{FAE04EC0-301F-11D3-BF4B-00C04F79EFBC}") = "BankingApp", "BankingApp\BankingApp.csproj", "{3F260643-EF9F-4C8C-B9CF-5DC039D4B60D}"
EndProject
Global
	GlobalSection(SolutionConfigurationPlatforms) = preSolution
		Debug|Any CPU = Debug|Any CPU
		Release|Any CPU = Release|Any CPU
	EndGlobalSection
	GlobalSection(ProjectConfigurationPlatforms) = postSolution
		{3F260643-EF9F-4C8C-B9CF-5DC039D4B60D}.Debug|Any CPU.ActiveCfg = Debug|Any CPU
		{3F260643-EF9F-4C8C-B9CF-5DC039D4B60D}.Debug|Any CPU.Build.0 = Debug|Any CPU
		{3F260643-EF9F-4C8C-B9CF-5DC039D4B60D}.Release|Any CPU.ActiveCfg = Release|Any CPU
		{3F260643-EF9F-4C8C-B9CF-5DC039D4B60D}.Release|Any CPU.Build.0 = Release|Any CPU
	EndGlobalSection
	GlobalSection(SolutionProperties) = preSolution
		HideSolutionNode = FALSE
	EndGlobalSection
	GlobalSection(ExtensibilityGlobals) = postSolution
		SolutionGuid = {7BAEFE4B-CF9F-4751-B4D5-62CA0FDD4867}
	EndGlobalSection
EndGlobal
